
Microsoft Visual Studio Solution File, Format Version 12.00
# Visual Studio Version 16
VisualStudioVersion = 16.0.29905.134
MinimumVisualStudioVersion = 10.0.40219.1
Project("{9A19103F-16F7-4668-BE54-9A1E7A4F7556}") = "MusicStore.Web", "MusicStore.Web\MusicStore.Web.csproj", "{89BB3A60-22F2-4D6F-8FC8-BEE260ABA3C0}"
EndProject
Project("{9A19103F-16F7-4668-BE54-9A1E7A4F7556}") = "MusicStore.Tests", "MusicStore.Tests\MusicStore.Tests.csproj", "{5D0AE16E-D680-4BF4-A22E-147258D30FCA}"
EndProject
Project("{9A19103F-16F7-4668-BE54-9A1E7A4F7556}") = "MusicStore.Data", "MusicStoreCore.Data\MusicStore.Data.csproj", "{072D2134-BDC8-49B5-BE82-F158313CFDED}"
EndProject
Global
	GlobalSection(SolutionConfigurationPlatforms) = preSolution
		Debug|Any CPU = Debug|Any CPU
		Release|Any CPU = Release|Any CPU
	EndGlobalSection
	GlobalSection(ProjectConfigurationPlatforms) = postSolution
		{89BB3A60-22F2-4D6F-8FC8-BEE260ABA3C0}.Debug|Any CPU.ActiveCfg = Debug|Any CPU
		{89BB3A60-22F2-4D6F-8FC8-BEE260ABA3C0}.Debug|Any CPU.Build.0 = Debug|Any CPU
		{89BB3A60-22F2-4D6F-8FC8-BEE260ABA3C0}.Release|Any CPU.ActiveCfg = Release|Any CPU
		{89BB3A60-22F2-4D6F-8FC8-BEE260ABA3C0}.Release|Any CPU.Build.0 = Release|Any CPU
		{5D0AE16E-D680-4BF4-A22E-147258D30FCA}.Debug|Any CPU.ActiveCfg = Debug|Any CPU
		{5D0AE16E-D680-4BF4-A22E-147258D30FCA}.Debug|Any CPU.Build.0 = Debug|Any CPU
		{5D0AE16E-D680-4BF4-A22E-147258D30FCA}.Release|Any CPU.ActiveCfg = Release|Any CPU
		{5D0AE16E-D680-4BF4-A22E-147258D30FCA}.Release|Any CPU.Build.0 = Release|Any CPU
		{072D2134-BDC8-49B5-BE82-F158313CFDED}.Debug|Any CPU.ActiveCfg = Debug|Any CPU
		{072D2134-BDC8-49B5-BE82-F158313CFDED}.Debug|Any CPU.Build.0 = Debug|Any CPU
		{072D2134-BDC8-49B5-BE82-F158313CFDED}.Release|Any CPU.ActiveCfg = Release|Any CPU
		{072D2134-BDC8-49B5-BE82-F158313CFDED}.Release|Any CPU.Build.0 = Release|Any CPU
	EndGlobalSection
	GlobalSection(SolutionProperties) = preSolution
		HideSolutionNode = FALSE
	EndGlobalSection
	GlobalSection(ExtensibilityGlobals) = postSolution
		SolutionGuid = {2F4D52E6-3ADB-4999-ABBA-0A2011B8892D}
	EndGlobalSection
EndGlobal
